
Microsoft Visual Studio Solution File, Format Version 12.00
# Visual Studio Version 17
VisualStudioVersion = 17.2.32616.157
MinimumVisualStudioVersion = 10.0.40219.1
Project("{FAE04EC0-301F-11D3-BF4B-00C04F79EFBC}") = "Pay and Bonus Application", "Pay and Bonus Application\Pay and Bonus Application.csproj", "{380638AE-529D-4D10-A2AD-32C0362A3425}"
EndProject
Global
	GlobalSection(SolutionConfigurationPlatforms) = preSolution
		Debug|Any CPU = Debug|Any CPU
		Release|Any CPU = Release|Any CPU
	EndGlobalSection
	GlobalSection(ProjectConfigurationPlatforms) = postSolution
		{380638AE-529D-4D10-A2AD-32C0362A3425}.Debug|Any CPU.ActiveCfg = Debug|Any CPU
		{380638AE-529D-4D10-A2AD-32C0362A3425}.Debug|Any CPU.Build.0 = Debug|Any CPU
		{380638AE-529D-4D10-A2AD-32C0362A3425}.Release|Any CPU.ActiveCfg = Release|Any CPU
		{380638AE-529D-4D10-A2AD-32C0362A3425}.Release|Any CPU.Build.0 = Release|Any CPU
	EndGlobalSection
	GlobalSection(SolutionProperties) = preSolution
		HideSolutionNode = FALSE
	EndGlobalSection
	GlobalSection(ExtensibilityGlobals) = postSolution
		SolutionGuid = {9F8C5CDB-45E3-412F-A050-0134E0ECBF98}
	EndGlobalSection
EndGlobal
