
Microsoft Visual Studio Solution File, Format Version 12.00
# Visual Studio Version 17
VisualStudioVersion = 17.2.32616.157
MinimumVisualStudioVersion = 10.0.40219.1
Project("{FAE04EC0-301F-11D3-BF4B-00C04F79EFBC}") = "Sales Price Calculator", "Sales Price Calculator\Sales Price Calculator.csproj", "{B64D1793-DDB4-4551-9971-3DD8398A098E}"
EndProject
Global
	GlobalSection(SolutionConfigurationPlatforms) = preSolution
		Debug|Any CPU = Debug|Any CPU
		Release|Any CPU = Release|Any CPU
	EndGlobalSection
	GlobalSection(ProjectConfigurationPlatforms) = postSolution
		{B64D1793-DDB4-4551-9971-3DD8398A098E}.Debug|Any CPU.ActiveCfg = Debug|Any CPU
		{B64D1793-DDB4-4551-9971-3DD8398A098E}.Debug|Any CPU.Build.0 = Debug|Any CPU
		{B64D1793-DDB4-4551-9971-3DD8398A098E}.Release|Any CPU.ActiveCfg = Release|Any CPU
		{B64D1793-DDB4-4551-9971-3DD8398A098E}.Release|Any CPU.Build.0 = Release|Any CPU
	EndGlobalSection
	GlobalSection(SolutionProperties) = preSolution
		HideSolutionNode = FALSE
	EndGlobalSection
	GlobalSection(ExtensibilityGlobals) = postSolution
		SolutionGuid = {CF8A4F0B-3836-4BAF-A3CF-7494101D0CB4}
	EndGlobalSection
EndGlobal
