
Microsoft Visual Studio Solution File, Format Version 12.00
# Visual Studio Version 17
VisualStudioVersion = 17.2.32616.157
MinimumVisualStudioVersion = 10.0.40219.1
Project("{FAE04EC0-301F-11D3-BF4B-00C04F79EFBC}") = "Sales Total (Read from file)", "Sales Total (Read from file)\Sales Total (Read from file).csproj", "{AAD9A901-15BF-4B91-ABFF-FF0716BAC933}"
EndProject
Global
	GlobalSection(SolutionConfigurationPlatforms) = preSolution
		Debug|Any CPU = Debug|Any CPU
		Release|Any CPU = Release|Any CPU
	EndGlobalSection
	GlobalSection(ProjectConfigurationPlatforms) = postSolution
		{AAD9A901-15BF-4B91-ABFF-FF0716BAC933}.Debug|Any CPU.ActiveCfg = Debug|Any CPU
		{AAD9A901-15BF-4B91-ABFF-FF0716BAC933}.Debug|Any CPU.Build.0 = Debug|Any CPU
		{AAD9A901-15BF-4B91-ABFF-FF0716BAC933}.Release|Any CPU.ActiveCfg = Release|Any CPU
		{AAD9A901-15BF-4B91-ABFF-FF0716BAC933}.Release|Any CPU.Build.0 = Release|Any CPU
	EndGlobalSection
	GlobalSection(SolutionProperties) = preSolution
		HideSolutionNode = FALSE
	EndGlobalSection
	GlobalSection(ExtensibilityGlobals) = postSolution
		SolutionGuid = {E74B414B-B454-4F01-AB13-C091A963D8DB}
	EndGlobalSection
EndGlobal
