
Microsoft Visual Studio Solution File, Format Version 12.00
# Visual Studio Version 17
VisualStudioVersion = 17.2.32616.157
MinimumVisualStudioVersion = 10.0.40219.1
Project("{FAE04EC0-301F-11D3-BF4B-00C04F79EFBC}") = "Time Zone Application (list box)", "Time Zone Application (list box)\Time Zone Application (list box).csproj", "{89442FE7-83E2-45F7-B4FA-85A9D4E06EF6}"
EndProject
Global
	GlobalSection(SolutionConfigurationPlatforms) = preSolution
		Debug|Any CPU = Debug|Any CPU
		Release|Any CPU = Release|Any CPU
	EndGlobalSection
	GlobalSection(ProjectConfigurationPlatforms) = postSolution
		{89442FE7-83E2-45F7-B4FA-85A9D4E06EF6}.Debug|Any CPU.ActiveCfg = Debug|Any CPU
		{89442FE7-83E2-45F7-B4FA-85A9D4E06EF6}.Debug|Any CPU.Build.0 = Debug|Any CPU
		{89442FE7-83E2-45F7-B4FA-85A9D4E06EF6}.Release|Any CPU.ActiveCfg = Release|Any CPU
		{89442FE7-83E2-45F7-B4FA-85A9D4E06EF6}.Release|Any CPU.Build.0 = Release|Any CPU
	EndGlobalSection
	GlobalSection(SolutionProperties) = preSolution
		HideSolutionNode = FALSE
	EndGlobalSection
	GlobalSection(ExtensibilityGlobals) = postSolution
		SolutionGuid = {3BFB22BD-A965-4F88-AEC7-990A16DC3E0B}
	EndGlobalSection
EndGlobal
