
Microsoft Visual Studio Solution File, Format Version 12.00
# Visual Studio Version 17
VisualStudioVersion = 17.2.32616.157
MinimumVisualStudioVersion = 10.0.40219.1
Project("{FAE04EC0-301F-11D3-BF4B-00C04F79EFBC}") = "Quiz worksheet", "Quiz worksheet\Quiz worksheet.csproj", "{AEF46FB6-8125-4509-9557-D5B1C2E68289}"
EndProject
Global
	GlobalSection(SolutionConfigurationPlatforms) = preSolution
		Debug|Any CPU = Debug|Any CPU
		Release|Any CPU = Release|Any CPU
	EndGlobalSection
	GlobalSection(ProjectConfigurationPlatforms) = postSolution
		{AEF46FB6-8125-4509-9557-D5B1C2E68289}.Debug|Any CPU.ActiveCfg = Debug|Any CPU
		{AEF46FB6-8125-4509-9557-D5B1C2E68289}.Debug|Any CPU.Build.0 = Debug|Any CPU
		{AEF46FB6-8125-4509-9557-D5B1C2E68289}.Release|Any CPU.ActiveCfg = Release|Any CPU
		{AEF46FB6-8125-4509-9557-D5B1C2E68289}.Release|Any CPU.Build.0 = Release|Any CPU
	EndGlobalSection
	GlobalSection(SolutionProperties) = preSolution
		HideSolutionNode = FALSE
	EndGlobalSection
	GlobalSection(ExtensibilityGlobals) = postSolution
		SolutionGuid = {C43DBCAA-536E-40EC-9F7A-F77E0A4B4BC5}
	EndGlobalSection
EndGlobal
